// !$*UTF8*$!
{
	archiveVersion = 1;
	classes = {
	};
	objectVersion = 48;
	objects = {

/* Begin PBXBuildFile section */
		9B0B29931FA23EE100559C23 /* logo.png in Resources */ = {isa = PBXBuildFile; fileRef = 9B0B29921FA23EE000559C23 /* logo.png */; };
		9B0B29951FA277BB00559C23 /* UserDefaultsManager.swift in Sources */ = {isa = PBXBuildFile; fileRef = 9B0B29941FA277BB00559C23 /* UserDefaultsManager.swift */; };
		9C0C3BCD1FA0FEF800D359D9 /* Enchanting Celebrations.ttf in Resources */ = {isa = PBXBuildFile; fileRef = 9C0C3BC91FA0FEF700D359D9 /* Enchanting Celebrations.ttf */; };
		9C0C3BCE1FA0FEF800D359D9 /* Manus_Smooth_TRIAL.ttf in Resources */ = {isa = PBXBuildFile; fileRef = 9C0C3BCA1FA0FEF700D359D9 /* Manus_Smooth_TRIAL.ttf */; };
		9C0C3BCF1FA0FEF800D359D9 /* Roman SD.ttf in Resources */ = {isa = PBXBuildFile; fileRef = 9C0C3BCB1FA0FEF800D359D9 /* Roman SD.ttf */; };
		9C0C3BD11FA1020300D359D9 /* PokerHands.swift in Sources */ = {isa = PBXBuildFile; fileRef = 9C0C3BD01FA1020200D359D9 /* PokerHands.swift */; };
		9C0C3BD61FA1027400D359D9 /* launchScreen.png in Resources */ = {isa = PBXBuildFile; fileRef = 9C0C3BD21FA1027400D359D9 /* launchScreen.png */; };
		9C0C3BD71FA1027400D359D9 /* buttons.png in Resources */ = {isa = PBXBuildFile; fileRef = 9C0C3BD31FA1027400D359D9 /* buttons.png */; };
		9C0C3BD81FA1027400D359D9 /* bg.png in Resources */ = {isa = PBXBuildFile; fileRef = 9C0C3BD41FA1027400D359D9 /* bg.png */; };
		9C0C3BD91FA1027400D359D9 /* delete.png in Resources */ = {isa = PBXBuildFile; fileRef = 9C0C3BD51FA1027400D359D9 /* delete.png */; };
		9C0C3C0F1FA1029F00D359D9 /* 12c.png in Resources */ = {isa = PBXBuildFile; fileRef = 9C0C3BDA1FA1029900D359D9 /* 12c.png */; };
		9C0C3C101FA1029F00D359D9 /* 5s.png in Resources */ = {isa = PBXBuildFile; fileRef = 9C0C3BDB1FA1029900D359D9 /* 5s.png */; };
		9C0C3C111FA1029F00D359D9 /* 2d.png in Resources */ = {isa = PBXBuildFile; fileRef = 9C0C3BDC1FA1029A00D359D9 /* 2d.png */; };
		9C0C3C121FA1029F00D359D9 /* 11s.png in Resources */ = {isa = PBXBuildFile; fileRef = 9C0C3BDD1FA1029A00D359D9 /* 11s.png */; };
		9C0C3C131FA1029F00D359D9 /* 1c.png in Resources */ = {isa = PBXBuildFile; fileRef = 9C0C3BDE1FA1029A00D359D9 /* 1c.png */; };
		9C0C3C141FA1029F00D359D9 /* 12h.png in Resources */ = {isa = PBXBuildFile; fileRef = 9C0C3BDF1FA1029B00D359D9 /* 12h.png */; };
		9C0C3C151FA1029F00D359D9 /* back.png in Resources */ = {isa = PBXBuildFile; fileRef = 9C0C3BE01FA1029B00D359D9 /* back.png */; };
		9C0C3C161FA1029F00D359D9 /* 8d.png in Resources */ = {isa = PBXBuildFile; fileRef = 9C0C3BE11FA1029B00D359D9 /* 8d.png */; };
		9C0C3C171FA1029F00D359D9 /* 5h.png in Resources */ = {isa = PBXBuildFile; fileRef = 9C0C3BE21FA1029B00D359D9 /* 5h.png */; };
		9C0C3C181FA1029F00D359D9 /* 2c.png in Resources */ = {isa = PBXBuildFile; fileRef = 9C0C3BE31FA1029B00D359D9 /* 2c.png */; };
		9C0C3C191FA1029F00D359D9 /* 8c.png in Resources */ = {isa = PBXBuildFile; fileRef = 9C0C3BE41FA1029B00D359D9 /* 8c.png */; };
		9C0C3C1A1FA1029F00D359D9 /* 1h.png in Resources */ = {isa = PBXBuildFile; fileRef = 9C0C3BE51FA1029B00D359D9 /* 1h.png */; };
		9C0C3C1B1FA1029F00D359D9 /* 7d.png in Resources */ = {isa = PBXBuildFile; fileRef = 9C0C3BE61FA1029B00D359D9 /* 7d.png */; };
		9C0C3C1C1FA1029F00D359D9 /* 10d.png in Resources */ = {isa = PBXBuildFile; fileRef = 9C0C3BE71FA1029B00D359D9 /* 10d.png */; };
		9C0C3C1D1FA1029F00D359D9 /* 13c.png in Resources */ = {isa = PBXBuildFile; fileRef = 9C0C3BE81FA1029B00D359D9 /* 13c.png */; };
		9C0C3C1E1FA1029F00D359D9 /* 5d.png in Resources */ = {isa = PBXBuildFile; fileRef = 9C0C3BE91FA1029B00D359D9 /* 5d.png */; };
		9C0C3C1F1FA1029F00D359D9 /* 1d.png in Resources */ = {isa = PBXBuildFile; fileRef = 9C0C3BEA1FA1029B00D359D9 /* 1d.png */; };
		9C0C3C201FA1029F00D359D9 /* 3c.png in Resources */ = {isa = PBXBuildFile; fileRef = 9C0C3BEB1FA1029B00D359D9 /* 3c.png */; };
		9C0C3C211FA1029F00D359D9 /* 7s.png in Resources */ = {isa = PBXBuildFile; fileRef = 9C0C3BEC1FA1029B00D359D9 /* 7s.png */; };
		9C0C3C221FA1029F00D359D9 /* 6s.png in Resources */ = {isa = PBXBuildFile; fileRef = 9C0C3BED1FA1029B00D359D9 /* 6s.png */; };
		9C0C3C231FA1029F00D359D9 /* 10s.png in Resources */ = {isa = PBXBuildFile; fileRef = 9C0C3BEE1FA1029C00D359D9 /* 10s.png */; };
		9C0C3C241FA1029F00D359D9 /* 11c.png in Resources */ = {isa = PBXBuildFile; fileRef = 9C0C3BEF1FA1029C00D359D9 /* 11c.png */; };
		9C0C3C251FA1029F00D359D9 /* 9d.png in Resources */ = {isa = PBXBuildFile; fileRef = 9C0C3BF01FA1029C00D359D9 /* 9d.png */; };
		9C0C3C261FA1029F00D359D9 /* 7h.png in Resources */ = {isa = PBXBuildFile; fileRef = 9C0C3BF11FA1029C00D359D9 /* 7h.png */; };
		9C0C3C271FA1029F00D359D9 /* 9h.png in Resources */ = {isa = PBXBuildFile; fileRef = 9C0C3BF21FA1029C00D359D9 /* 9h.png */; };
		9C0C3C281FA1029F00D359D9 /* 12d.png in Resources */ = {isa = PBXBuildFile; fileRef = 9C0C3BF31FA1029C00D359D9 /* 12d.png */; };
		9C0C3C291FA1029F00D359D9 /* 13s.png in Resources */ = {isa = PBXBuildFile; fileRef = 9C0C3BF41FA1029C00D359D9 /* 13s.png */; };
		9C0C3C2A1FA1029F00D359D9 /* 6d.png in Resources */ = {isa = PBXBuildFile; fileRef = 9C0C3BF51FA1029C00D359D9 /* 6d.png */; };
		9C0C3C2B1FA1029F00D359D9 /* 3h.png in Resources */ = {isa = PBXBuildFile; fileRef = 9C0C3BF61FA1029C00D359D9 /* 3h.png */; };
		9C0C3C2C1FA1029F00D359D9 /* 3s.png in Resources */ = {isa = PBXBuildFile; fileRef = 9C0C3BF71FA1029D00D359D9 /* 3s.png */; };
		9C0C3C2D1FA1029F00D359D9 /* 4s.png in Resources */ = {isa = PBXBuildFile; fileRef = 9C0C3BF81FA1029D00D359D9 /* 4s.png */; };
		9C0C3C2E1FA1029F00D359D9 /* 6h.png in Resources */ = {isa = PBXBuildFile; fileRef = 9C0C3BF91FA1029D00D359D9 /* 6h.png */; };
		9C0C3C2F1FA1029F00D359D9 /* 10h.png in Resources */ = {isa = PBXBuildFile; fileRef = 9C0C3BFA1FA1029D00D359D9 /* 10h.png */; };
		9C0C3C301FA1029F00D359D9 /* 10c.png in Resources */ = {isa = PBXBuildFile; fileRef = 9C0C3BFB1FA1029D00D359D9 /* 10c.png */; };
		9C0C3C311FA1029F00D359D9 /* 1s.png in Resources */ = {isa = PBXBuildFile; fileRef = 9C0C3BFC1FA1029D00D359D9 /* 1s.png */; };
		9C0C3C321FA1029F00D359D9 /* 6c.png in Resources */ = {isa = PBXBuildFile; fileRef = 9C0C3BFD1FA1029D00D359D9 /* 6c.png */; };
		9C0C3C331FA1029F00D359D9 /* 5c.png in Resources */ = {isa = PBXBuildFile; fileRef = 9C0C3BFE1FA1029D00D359D9 /* 5c.png */; };
		9C0C3C341FA1029F00D359D9 /* 4d.png in Resources */ = {isa = PBXBuildFile; fileRef = 9C0C3BFF1FA1029E00D359D9 /* 4d.png */; };
		9C0C3C351FA1029F00D359D9 /* 9c.png in Resources */ = {isa = PBXBuildFile; fileRef = 9C0C3C001FA1029E00D359D9 /* 9c.png */; };
		9C0C3C361FA1029F00D359D9 /* 11d.png in Resources */ = {isa = PBXBuildFile; fileRef = 9C0C3C011FA1029E00D359D9 /* 11d.png */; };
		9C0C3C371FA1029F00D359D9 /* 7c.png in Resources */ = {isa = PBXBuildFile; fileRef = 9C0C3C021FA1029E00D359D9 /* 7c.png */; };
		9C0C3C381FA1029F00D359D9 /* 2h.png in Resources */ = {isa = PBXBuildFile; fileRef = 9C0C3C031FA1029E00D359D9 /* 2h.png */; };
		9C0C3C391FA1029F00D359D9 /* 4c.png in Resources */ = {isa = PBXBuildFile; fileRef = 9C0C3C041FA1029E00D359D9 /* 4c.png */; };
		9C0C3C3A1FA1029F00D359D9 /* 4h.png in Resources */ = {isa = PBXBuildFile; fileRef = 9C0C3C051FA1029E00D359D9 /* 4h.png */; };
		9C0C3C3B1FA1029F00D359D9 /* 13d.png in Resources */ = {isa = PBXBuildFile; fileRef = 9C0C3C061FA1029E00D359D9 /* 13d.png */; };
		9C0C3C3C1FA1029F00D359D9 /* 8h.png in Resources */ = {isa = PBXBuildFile; fileRef = 9C0C3C071FA1029E00D359D9 /* 8h.png */; };
		9C0C3C3D1FA1029F00D359D9 /* 9s.png in Resources */ = {isa = PBXBuildFile; fileRef = 9C0C3C081FA1029F00D359D9 /* 9s.png */; };
		9C0C3C3E1FA1029F00D359D9 /* 8s.png in Resources */ = {isa = PBXBuildFile; fileRef = 9C0C3C091FA1029F00D359D9 /* 8s.png */; };
		9C0C3C3F1FA1029F00D359D9 /* 11h.png in Resources */ = {isa = PBXBuildFile; fileRef = 9C0C3C0A1FA1029F00D359D9 /* 11h.png */; };
		9C0C3C401FA1029F00D359D9 /* 13h.png in Resources */ = {isa = PBXBuildFile; fileRef = 9C0C3C0B1FA1029F00D359D9 /* 13h.png */; };
		9C0C3C411FA1029F00D359D9 /* 3d.png in Resources */ = {isa = PBXBuildFile; fileRef = 9C0C3C0C1FA1029F00D359D9 /* 3d.png */; };
		9C0C3C421FA1029F00D359D9 /* 12s.png in Resources */ = {isa = PBXBuildFile; fileRef = 9C0C3C0D1FA1029F00D359D9 /* 12s.png */; };
		9C0C3C431FA1029F00D359D9 /* 2s.png in Resources */ = {isa = PBXBuildFile; fileRef = 9C0C3C0E1FA1029F00D359D9 /* 2s.png */; };
		9C0C3C491FA102B600D359D9 /* blur_3.png in Resources */ = {isa = PBXBuildFile; fileRef = 9C0C3C441FA102B500D359D9 /* blur_3.png */; };
		9C0C3C4A1FA102B600D359D9 /* blur_2.png in Resources */ = {isa = PBXBuildFile; fileRef = 9C0C3C451FA102B500D359D9 /* blur_2.png */; };
		9C0C3C4B1FA102B600D359D9 /* blur_5.png in Resources */ = {isa = PBXBuildFile; fileRef = 9C0C3C461FA102B600D359D9 /* blur_5.png */; };
		9C0C3C4C1FA102B600D359D9 /* blur_4.png in Resources */ = {isa = PBXBuildFile; fileRef = 9C0C3C471FA102B600D359D9 /* blur_4.png */; };
		9C0C3C4D1FA102B600D359D9 /* blur_1.png in Resources */ = {isa = PBXBuildFile; fileRef = 9C0C3C481FA102B600D359D9 /* blur_1.png */; };
		9C2447691FA0F1800065E7F9 /* AppDelegate.swift in Sources */ = {isa = PBXBuildFile; fileRef = 9C2447681FA0F1800065E7F9 /* AppDelegate.swift */; };
		9C24476B1FA0F1800065E7F9 /* ViewController.swift in Sources */ = {isa = PBXBuildFile; fileRef = 9C24476A1FA0F1800065E7F9 /* ViewController.swift */; };
		9C24476E1FA0F1800065E7F9 /* Main.storyboard in Resources */ = {isa = PBXBuildFile; fileRef = 9C24476C1FA0F1800065E7F9 /* Main.storyboard */; };
		9C2447701FA0F1800065E7F9 /* Assets.xcassets in Resources */ = {isa = PBXBuildFile; fileRef = 9C24476F1FA0F1800065E7F9 /* Assets.xcassets */; };
		9C2447731FA0F1800065E7F9 /* LaunchScreen.storyboard in Resources */ = {isa = PBXBuildFile; fileRef = 9C2447711FA0F1800065E7F9 /* LaunchScreen.storyboard */; };
/* End PBXBuildFile section */

/* Begin PBXFileReference section */
		9B0B29921FA23EE000559C23 /* logo.png */ = {isa = PBXFileReference; lastKnownFileType = image.png; name = logo.png; path = VideoRioPoker/Images/misc/logo.png; sourceTree = SOURCE_ROOT; };
		9B0B29941FA277BB00559C23 /* UserDefaultsManager.swift */ = {isa = PBXFileReference; fileEncoding = 4; lastKnownFileType = sourcecode.swift; path = UserDefaultsManager.swift; sourceTree = "<group>"; };
		9C0C3BC91FA0FEF700D359D9 /* Enchanting Celebrations.ttf */ = {isa = PBXFileReference; lastKnownFileType = file; name = "Enchanting Celebrations.ttf"; path = "VideoRioPoker/Fonts/Enchanting Celebrations.ttf"; sourceTree = SOURCE_ROOT; };
		9C0C3BCA1FA0FEF700D359D9 /* Manus_Smooth_TRIAL.ttf */ = {isa = PBXFileReference; lastKnownFileType = file; name = Manus_Smooth_TRIAL.ttf; path = VideoRioPoker/Fonts/Manus_Smooth_TRIAL.ttf; sourceTree = SOURCE_ROOT; };
		9C0C3BCB1FA0FEF800D359D9 /* Roman SD.ttf */ = {isa = PBXFileReference; lastKnownFileType = file; name = "Roman SD.ttf"; path = "VideoRioPoker/Fonts/Roman SD.ttf"; sourceTree = SOURCE_ROOT; };
		9C0C3BD01FA1020200D359D9 /* PokerHands.swift */ = {isa = PBXFileReference; fileEncoding = 4; lastKnownFileType = sourcecode.swift; path = PokerHands.swift; sourceTree = "<group>"; };
		9C0C3BD21FA1027400D359D9 /* launchScreen.png */ = {isa = PBXFileReference; lastKnownFileType = image.png; name = launchScreen.png; path = VideoRioPoker/Images/misc/launchScreen.png; sourceTree = SOURCE_ROOT; };
		9C0C3BD31FA1027400D359D9 /* buttons.png */ = {isa = PBXFileReference; lastKnownFileType = image.png; name = buttons.png; path = VideoRioPoker/Images/misc/buttons.png; sourceTree = SOURCE_ROOT; };
		9C0C3BD41FA1027400D359D9 /* bg.png */ = {isa = PBXFileReference; lastKnownFileType = image.png; name = bg.png; path = VideoRioPoker/Images/misc/bg.png; sourceTree = SOURCE_ROOT; };
		9C0C3BD51FA1027400D359D9 /* delete.png */ = {isa = PBXFileReference; lastKnownFileType = image.png; name = delete.png; path = VideoRioPoker/Images/misc/delete.png; sourceTree = SOURCE_ROOT; };
		9C0C3BDA1FA1029900D359D9 /* 12c.png */ = {isa = PBXFileReference; lastKnownFileType = image.png; name = 12c.png; path = VideoRioPoker/Images/cards/12c.png; sourceTree = SOURCE_ROOT; };
		9C0C3BDB1FA1029900D359D9 /* 5s.png */ = {isa = PBXFileReference; lastKnownFileType = image.png; name = 5s.png; path = VideoRioPoker/Images/cards/5s.png; sourceTree = SOURCE_ROOT; };
		9C0C3BDC1FA1029A00D359D9 /* 2d.png */ = {isa = PBXFileReference; lastKnownFileType = image.png; name = 2d.png; path = VideoRioPoker/Images/cards/2d.png; sourceTree = SOURCE_ROOT; };
		9C0C3BDD1FA1029A00D359D9 /* 11s.png */ = {isa = PBXFileReference; lastKnownFileType = image.png; name = 11s.png; path = VideoRioPoker/Images/cards/11s.png; sourceTree = SOURCE_ROOT; };
		9C0C3BDE1FA1029A00D359D9 /* 1c.png */ = {isa = PBXFileReference; lastKnownFileType = image.png; name = 1c.png; path = VideoRioPoker/Images/cards/1c.png; sourceTree = SOURCE_ROOT; };
		9C0C3BDF1FA1029B00D359D9 /* 12h.png */ = {isa = PBXFileReference; lastKnownFileType = image.png; name = 12h.png; path = VideoRioPoker/Images/cards/12h.png; sourceTree = SOURCE_ROOT; };
		9C0C3BE01FA1029B00D359D9 /* back.png */ = {isa = PBXFileReference; lastKnownFileType = image.png; name = back.png; path = VideoRioPoker/Images/cards/back.png; sourceTree = SOURCE_ROOT; };
		9C0C3BE11FA1029B00D359D9 /* 8d.png */ = {isa = PBXFileReference; lastKnownFileType = image.png; name = 8d.png; path = VideoRioPoker/Images/cards/8d.png; sourceTree = SOURCE_ROOT; };
		9C0C3BE21FA1029B00D359D9 /* 5h.png */ = {isa = PBXFileReference; lastKnownFileType = image.png; name = 5h.png; path = VideoRioPoker/Images/cards/5h.png; sourceTree = SOURCE_ROOT; };
		9C0C3BE31FA1029B00D359D9 /* 2c.png */ = {isa = PBXFileReference; lastKnownFileType = image.png; name = 2c.png; path = VideoRioPoker/Images/cards/2c.png; sourceTree = SOURCE_ROOT; };
		9C0C3BE41FA1029B00D359D9 /* 8c.png */ = {isa = PBXFileReference; lastKnownFileType = image.png; name = 8c.png; path = VideoRioPoker/Images/cards/8c.png; sourceTree = SOURCE_ROOT; };
		9C0C3BE51FA1029B00D359D9 /* 1h.png */ = {isa = PBXFileReference; lastKnownFileType = image.png; name = 1h.png; path = VideoRioPoker/Images/cards/1h.png; sourceTree = SOURCE_ROOT; };
		9C0C3BE61FA1029B00D359D9 /* 7d.png */ = {isa = PBXFileReference; lastKnownFileType = image.png; name = 7d.png; path = VideoRioPoker/Images/cards/7d.png; sourceTree = SOURCE_ROOT; };
		9C0C3BE71FA1029B00D359D9 /* 10d.png */ = {isa = PBXFileReference; lastKnownFileType = image.png; name = 10d.png; path = VideoRioPoker/Images/cards/10d.png; sourceTree = SOURCE_ROOT; };
		9C0C3BE81FA1029B00D359D9 /* 13c.png */ = {isa = PBXFileReference; lastKnownFileType = image.png; name = 13c.png; path = VideoRioPoker/Images/cards/13c.png; sourceTree = SOURCE_ROOT; };
		9C0C3BE91FA1029B00D359D9 /* 5d.png */ = {isa = PBXFileReference; lastKnownFileType = image.png; name = 5d.png; path = VideoRioPoker/Images/cards/5d.png; sourceTree = SOURCE_ROOT; };
		9C0C3BEA1FA1029B00D359D9 /* 1d.png */ = {isa = PBXFileReference; lastKnownFileType = image.png; name = 1d.png; path = VideoRioPoker/Images/cards/1d.png; sourceTree = SOURCE_ROOT; };
		9C0C3BEB1FA1029B00D359D9 /* 3c.png */ = {isa = PBXFileReference; lastKnownFileType = image.png; name = 3c.png; path = VideoRioPoker/Images/cards/3c.png; sourceTree = SOURCE_ROOT; };
		9C0C3BEC1FA1029B00D359D9 /* 7s.png */ = {isa = PBXFileReference; lastKnownFileType = image.png; name = 7s.png; path = VideoRioPoker/Images/cards/7s.png; sourceTree = SOURCE_ROOT; };
		9C0C3BED1FA1029B00D359D9 /* 6s.png */ = {isa = PBXFileReference; lastKnownFileType = image.png; name = 6s.png; path = VideoRioPoker/Images/cards/6s.png; sourceTree = SOURCE_ROOT; };
		9C0C3BEE1FA1029C00D359D9 /* 10s.png */ = {isa = PBXFileReference; lastKnownFileType = image.png; name = 10s.png; path = VideoRioPoker/Images/cards/10s.png; sourceTree = SOURCE_ROOT; };
		9C0C3BEF1FA1029C00D359D9 /* 11c.png */ = {isa = PBXFileReference; lastKnownFileType = image.png; name = 11c.png; path = VideoRioPoker/Images/cards/11c.png; sourceTree = SOURCE_ROOT; };
		9C0C3BF01FA1029C00D359D9 /* 9d.png */ = {isa = PBXFileReference; lastKnownFileType = image.png; name = 9d.png; path = VideoRioPoker/Images/cards/9d.png; sourceTree = SOURCE_ROOT; };
		9C0C3BF11FA1029C00D359D9 /* 7h.png */ = {isa = PBXFileReference; lastKnownFileType = image.png; name = 7h.png; path = VideoRioPoker/Images/cards/7h.png; sourceTree = SOURCE_ROOT; };
		9C0C3BF21FA1029C00D359D9 /* 9h.png */ = {isa = PBXFileReference; lastKnownFileType = image.png; name = 9h.png; path = VideoRioPoker/Images/cards/9h.png; sourceTree = SOURCE_ROOT; };
		9C0C3BF31FA1029C00D359D9 /* 12d.png */ = {isa = PBXFileReference; lastKnownFileType = image.png; name = 12d.png; path = VideoRioPoker/Images/cards/12d.png; sourceTree = SOURCE_ROOT; };
		9C0C3BF41FA1029C00D359D9 /* 13s.png */ = {isa = PBXFileReference; lastKnownFileType = image.png; name = 13s.png; path = VideoRioPoker/Images/cards/13s.png; sourceTree = SOURCE_ROOT; };
		9C0C3BF51FA1029C00D359D9 /* 6d.png */ = {isa = PBXFileReference; lastKnownFileType = image.png; name = 6d.png; path = VideoRioPoker/Images/cards/6d.png; sourceTree = SOURCE_ROOT; };
		9C0C3BF61FA1029C00D359D9 /* 3h.png */ = {isa = PBXFileReference; lastKnownFileType = image.png; name = 3h.png; path = VideoRioPoker/Images/cards/3h.png; sourceTree = SOURCE_ROOT; };
		9C0C3BF71FA1029D00D359D9 /* 3s.png */ = {isa = PBXFileReference; lastKnownFileType = image.png; name = 3s.png; path = VideoRioPoker/Images/cards/3s.png; sourceTree = SOURCE_ROOT; };
		9C0C3BF81FA1029D00D359D9 /* 4s.png */ = {isa = PBXFileReference; lastKnownFileType = image.png; name = 4s.png; path = VideoRioPoker/Images/cards/4s.png; sourceTree = SOURCE_ROOT; };
		9C0C3BF91FA1029D00D359D9 /* 6h.png */ = {isa = PBXFileReference; lastKnownFileType = image.png; name = 6h.png; path = VideoRioPoker/Images/cards/6h.png; sourceTree = SOURCE_ROOT; };
		9C0C3BFA1FA1029D00D359D9 /* 10h.png */ = {isa = PBXFileReference; lastKnownFileType = image.png; name = 10h.png; path = VideoRioPoker/Images/cards/10h.png; sourceTree = SOURCE_ROOT; };
		9C0C3BFB1FA1029D00D359D9 /* 10c.png */ = {isa = PBXFileReference; lastKnownFileType = image.png; name = 10c.png; path = VideoRioPoker/Images/cards/10c.png; sourceTree = SOURCE_ROOT; };
		9C0C3BFC1FA1029D00D359D9 /* 1s.png */ = {isa = PBXFileReference; lastKnownFileType = image.png; name = 1s.png; path = VideoRioPoker/Images/cards/1s.png; sourceTree = SOURCE_ROOT; };
		9C0C3BFD1FA1029D00D359D9 /* 6c.png */ = {isa = PBXFileReference; lastKnownFileType = image.png; name = 6c.png; path = VideoRioPoker/Images/cards/6c.png; sourceTree = SOURCE_ROOT; };
		9C0C3BFE1FA1029D00D359D9 /* 5c.png */ = {isa = PBXFileReference; lastKnownFileType = image.png; name = 5c.png; path = VideoRioPoker/Images/cards/5c.png; sourceTree = SOURCE_ROOT; };
		9C0C3BFF1FA1029E00D359D9 /* 4d.png */ = {isa = PBXFileReference; lastKnownFileType = image.png; name = 4d.png; path = VideoRioPoker/Images/cards/4d.png; sourceTree = SOURCE_ROOT; };
		9C0C3C001FA1029E00D359D9 /* 9c.png */ = {isa = PBXFileReference; lastKnownFileType = image.png; name = 9c.png; path = VideoRioPoker/Images/cards/9c.png; sourceTree = SOURCE_ROOT; };
		9C0C3C011FA1029E00D359D9 /* 11d.png */ = {isa = PBXFileReference; lastKnownFileType = image.png; name = 11d.png; path = VideoRioPoker/Images/cards/11d.png; sourceTree = SOURCE_ROOT; };
		9C0C3C021FA1029E00D359D9 /* 7c.png */ = {isa = PBXFileReference; lastKnownFileType = image.png; name = 7c.png; path = VideoRioPoker/Images/cards/7c.png; sourceTree = SOURCE_ROOT; };
		9C0C3C031FA1029E00D359D9 /* 2h.png */ = {isa = PBXFileReference; lastKnownFileType = image.png; name = 2h.png; path = VideoRioPoker/Images/cards/2h.png; sourceTree = SOURCE_ROOT; };
		9C0C3C041FA1029E00D359D9 /* 4c.png */ = {isa = PBXFileReference; lastKnownFileType = image.png; name = 4c.png; path = VideoRioPoker/Images/cards/4c.png; sourceTree = SOURCE_ROOT; };
		9C0C3C051FA1029E00D359D9 /* 4h.png */ = {isa = PBXFileReference; lastKnownFileType = image.png; name = 4h.png; path = VideoRioPoker/Images/cards/4h.png; sourceTree = SOURCE_ROOT; };
		9C0C3C061FA1029E00D359D9 /* 13d.png */ = {isa = PBXFileReference; lastKnownFileType = image.png; name = 13d.png; path = VideoRioPoker/Images/cards/13d.png; sourceTree = SOURCE_ROOT; };
		9C0C3C071FA1029E00D359D9 /* 8h.png */ = {isa = PBXFileReference; lastKnownFileType = image.png; name = 8h.png; path = VideoRioPoker/Images/cards/8h.png; sourceTree = SOURCE_ROOT; };
		9C0C3C081FA1029F00D359D9 /* 9s.png */ = {isa = PBXFileReference; lastKnownFileType = image.png; name = 9s.png; path = VideoRioPoker/Images/cards/9s.png; sourceTree = SOURCE_ROOT; };
		9C0C3C091FA1029F00D359D9 /* 8s.png */ = {isa = PBXFileReference; lastKnownFileType = image.png; name = 8s.png; path = VideoRioPoker/Images/cards/8s.png; sourceTree = SOURCE_ROOT; };
		9C0C3C0A1FA1029F00D359D9 /* 11h.png */ = {isa = PBXFileReference; lastKnownFileType = image.png; name = 11h.png; path = VideoRioPoker/Images/cards/11h.png; sourceTree = SOURCE_ROOT; };
		9C0C3C0B1FA1029F00D359D9 /* 13h.png */ = {isa = PBXFileReference; lastKnownFileType = image.png; name = 13h.png; path = VideoRioPoker/Images/cards/13h.png; sourceTree = SOURCE_ROOT; };
		9C0C3C0C1FA1029F00D359D9 /* 3d.png */ = {isa = PBXFileReference; lastKnownFileType = image.png; name = 3d.png; path = VideoRioPoker/Images/cards/3d.png; sourceTree = SOURCE_ROOT; };
		9C0C3C0D1FA1029F00D359D9 /* 12s.png */ = {isa = PBXFileReference; lastKnownFileType = image.png; name = 12s.png; path = VideoRioPoker/Images/cards/12s.png; sourceTree = SOURCE_ROOT; };
		9C0C3C0E1FA1029F00D359D9 /* 2s.png */ = {isa = PBXFileReference; lastKnownFileType = image.png; name = 2s.png; path = VideoRioPoker/Images/cards/2s.png; sourceTree = SOURCE_ROOT; };
		9C0C3C441FA102B500D359D9 /* blur_3.png */ = {isa = PBXFileReference; lastKnownFileType = image.png; name = blur_3.png; path = VideoRioPoker/Images/blurs/blur_3.png; sourceTree = SOURCE_ROOT; };
		9C0C3C451FA102B500D359D9 /* blur_2.png */ = {isa = PBXFileReference; lastKnownFileType = image.png; name = blur_2.png; path = VideoRioPoker/Images/blurs/blur_2.png; sourceTree = SOURCE_ROOT; };
		9C0C3C461FA102B600D359D9 /* blur_5.png */ = {isa = PBXFileReference; lastKnownFileType = image.png; name = blur_5.png; path = VideoRioPoker/Images/blurs/blur_5.png; sourceTree = SOURCE_ROOT; };
		9C0C3C471FA102B600D359D9 /* blur_4.png */ = {isa = PBXFileReference; lastKnownFileType = image.png; name = blur_4.png; path = VideoRioPoker/Images/blurs/blur_4.png; sourceTree = SOURCE_ROOT; };
		9C0C3C481FA102B600D359D9 /* blur_1.png */ = {isa = PBXFileReference; lastKnownFileType = image.png; name = blur_1.png; path = VideoRioPoker/Images/blurs/blur_1.png; sourceTree = SOURCE_ROOT; };
		9C2447651FA0F1800065E7F9 /* VideoRioPoker.app */ = {isa = PBXFileReference; explicitFileType = wrapper.application; includeInIndex = 0; path = VideoRioPoker.app; sourceTree = BUILT_PRODUCTS_DIR; };
		9C2447681FA0F1800065E7F9 /* AppDelegate.swift */ = {isa = PBXFileReference; lastKnownFileType = sourcecode.swift; path = AppDelegate.swift; sourceTree = "<group>"; };
		9C24476A1FA0F1800065E7F9 /* ViewController.swift */ = {isa = PBXFileReference; lastKnownFileType = sourcecode.swift; path = ViewController.swift; sourceTree = "<group>"; };
		9C24476D1FA0F1800065E7F9 /* Base */ = {isa = PBXFileReference; lastKnownFileType = file.storyboard; name = Base; path = Base.lproj/Main.storyboard; sourceTree = "<group>"; };
		9C24476F1FA0F1800065E7F9 /* Assets.xcassets */ = {isa = PBXFileReference; lastKnownFileType = folder.assetcatalog; path = Assets.xcassets; sourceTree = "<group>"; };
		9C2447721FA0F1800065E7F9 /* Base */ = {isa = PBXFileReference; lastKnownFileType = file.storyboard; name = Base; path = Base.lproj/LaunchScreen.storyboard; sourceTree = "<group>"; };
		9C2447741FA0F1800065E7F9 /* Info.plist */ = {isa = PBXFileReference; lastKnownFileType = text.plist.xml; path = Info.plist; sourceTree = "<group>"; };
/* End PBXFileReference section */

/* Begin PBXFrameworksBuildPhase section */
		9C2447621FA0F1800065E7F9 /* Frameworks */ = {
			isa = PBXFrameworksBuildPhase;
			buildActionMask = 2147483647;
			files = (
			);
			runOnlyForDeploymentPostprocessing = 0;
		};
/* End PBXFrameworksBuildPhase section */

/* Begin PBXGroup section */
		9C0C3BC21FA0FD9B00D359D9 /* Images */ = {
			isa = PBXGroup;
			children = (
				9C0C3BC71FA0FE5100D359D9 /* misc */,
				9C0C3BC61FA0FE4900D359D9 /* icons */,
				9C0C3BC51FA0FE4400D359D9 /* cards */,
				9C0C3BC41FA0FE3100D359D9 /* blurs */,
			);
			name = Images;
			path = "New Group";
			sourceTree = "<group>";
		};
		9C0C3BC31FA0FDCC00D359D9 /* Fonts */ = {
			isa = PBXGroup;
			children = (
				9C0C3BC91FA0FEF700D359D9 /* Enchanting Celebrations.ttf */,
				9C0C3BCA1FA0FEF700D359D9 /* Manus_Smooth_TRIAL.ttf */,
				9C0C3BCB1FA0FEF800D359D9 /* Roman SD.ttf */,
			);
			name = Fonts;
			path = "New Group1";
			sourceTree = "<group>";
		};
		9C0C3BC41FA0FE3100D359D9 /* blurs */ = {
			isa = PBXGroup;
			children = (
				9C0C3C481FA102B600D359D9 /* blur_1.png */,
				9C0C3C451FA102B500D359D9 /* blur_2.png */,
				9C0C3C441FA102B500D359D9 /* blur_3.png */,
				9C0C3C471FA102B600D359D9 /* blur_4.png */,
				9C0C3C461FA102B600D359D9 /* blur_5.png */,
			);
			path = blurs;
			sourceTree = "<group>";
		};
		9C0C3BC51FA0FE4400D359D9 /* cards */ = {
			isa = PBXGroup;
			children = (
				9C0C3BDE1FA1029A00D359D9 /* 1c.png */,
				9C0C3BEA1FA1029B00D359D9 /* 1d.png */,
				9C0C3BE51FA1029B00D359D9 /* 1h.png */,
				9C0C3BFC1FA1029D00D359D9 /* 1s.png */,
				9C0C3BE31FA1029B00D359D9 /* 2c.png */,
				9C0C3BDC1FA1029A00D359D9 /* 2d.png */,
				9C0C3C031FA1029E00D359D9 /* 2h.png */,
				9C0C3C0E1FA1029F00D359D9 /* 2s.png */,
				9C0C3BEB1FA1029B00D359D9 /* 3c.png */,
				9C0C3C0C1FA1029F00D359D9 /* 3d.png */,
				9C0C3BF61FA1029C00D359D9 /* 3h.png */,
				9C0C3BF71FA1029D00D359D9 /* 3s.png */,
				9C0C3C041FA1029E00D359D9 /* 4c.png */,
				9C0C3BFF1FA1029E00D359D9 /* 4d.png */,
				9C0C3C051FA1029E00D359D9 /* 4h.png */,
				9C0C3BF81FA1029D00D359D9 /* 4s.png */,
				9C0C3BFE1FA1029D00D359D9 /* 5c.png */,
				9C0C3BE91FA1029B00D359D9 /* 5d.png */,
				9C0C3BE21FA1029B00D359D9 /* 5h.png */,
				9C0C3BDB1FA1029900D359D9 /* 5s.png */,
				9C0C3BFD1FA1029D00D359D9 /* 6c.png */,
				9C0C3BF51FA1029C00D359D9 /* 6d.png */,
				9C0C3BF91FA1029D00D359D9 /* 6h.png */,
				9C0C3BED1FA1029B00D359D9 /* 6s.png */,
				9C0C3C021FA1029E00D359D9 /* 7c.png */,
				9C0C3BE61FA1029B00D359D9 /* 7d.png */,
				9C0C3BF11FA1029C00D359D9 /* 7h.png */,
				9C0C3BEC1FA1029B00D359D9 /* 7s.png */,
				9C0C3BE41FA1029B00D359D9 /* 8c.png */,
				9C0C3BE11FA1029B00D359D9 /* 8d.png */,
				9C0C3C071FA1029E00D359D9 /* 8h.png */,
				9C0C3C091FA1029F00D359D9 /* 8s.png */,
				9C0C3C001FA1029E00D359D9 /* 9c.png */,
				9C0C3BF01FA1029C00D359D9 /* 9d.png */,
				9C0C3BF21FA1029C00D359D9 /* 9h.png */,
				9C0C3C081FA1029F00D359D9 /* 9s.png */,
				9C0C3BFB1FA1029D00D359D9 /* 10c.png */,
				9C0C3BE71FA1029B00D359D9 /* 10d.png */,
				9C0C3BFA1FA1029D00D359D9 /* 10h.png */,
				9C0C3BEE1FA1029C00D359D9 /* 10s.png */,
				9C0C3BEF1FA1029C00D359D9 /* 11c.png */,
				9C0C3C011FA1029E00D359D9 /* 11d.png */,
				9C0C3C0A1FA1029F00D359D9 /* 11h.png */,
				9C0C3BDD1FA1029A00D359D9 /* 11s.png */,
				9C0C3BDA1FA1029900D359D9 /* 12c.png */,
				9C0C3BF31FA1029C00D359D9 /* 12d.png */,
				9C0C3BDF1FA1029B00D359D9 /* 12h.png */,
				9C0C3C0D1FA1029F00D359D9 /* 12s.png */,
				9C0C3BE81FA1029B00D359D9 /* 13c.png */,
				9C0C3C061FA1029E00D359D9 /* 13d.png */,
				9C0C3C0B1FA1029F00D359D9 /* 13h.png */,
				9C0C3BF41FA1029C00D359D9 /* 13s.png */,
				9C0C3BE01FA1029B00D359D9 /* back.png */,
			);
			path = cards;
			sourceTree = "<group>";
		};
		9C0C3BC61FA0FE4900D359D9 /* icons */ = {
			isa = PBXGroup;
			children = (
			);
			path = icons;
			sourceTree = "<group>";
		};
		9C0C3BC71FA0FE5100D359D9 /* misc */ = {
			isa = PBXGroup;
			children = (
				9B0B29921FA23EE000559C23 /* logo.png */,
				9C0C3BD41FA1027400D359D9 /* bg.png */,
				9C0C3BD31FA1027400D359D9 /* buttons.png */,
				9C0C3BD51FA1027400D359D9 /* delete.png */,
				9C0C3BD21FA1027400D359D9 /* launchScreen.png */,
			);
			path = misc;
			sourceTree = "<group>";
		};
		9C24475C1FA0F1800065E7F9 = {
			isa = PBXGroup;
			children = (
				9C2447671FA0F1800065E7F9 /* VideoRioPoker */,
				9C2447661FA0F1800065E7F9 /* Products */,
			);
			sourceTree = "<group>";
		};
		9C2447661FA0F1800065E7F9 /* Products */ = {
			isa = PBXGroup;
			children = (
				9C2447651FA0F1800065E7F9 /* VideoRioPoker.app */,
			);
			name = Products;
			sourceTree = "<group>";
		};
		9C2447671FA0F1800065E7F9 /* VideoRioPoker */ = {
			isa = PBXGroup;
			children = (
				9B0B29941FA277BB00559C23 /* UserDefaultsManager.swift */,
				9C0C3BD01FA1020200D359D9 /* PokerHands.swift */,
				9C0C3BC31FA0FDCC00D359D9 /* Fonts */,
				9C0C3BC21FA0FD9B00D359D9 /* Images */,
				9C2447681FA0F1800065E7F9 /* AppDelegate.swift */,
				9C24476A1FA0F1800065E7F9 /* ViewController.swift */,
				9C24476C1FA0F1800065E7F9 /* Main.storyboard */,
				9C24476F1FA0F1800065E7F9 /* Assets.xcassets */,
				9C2447711FA0F1800065E7F9 /* LaunchScreen.storyboard */,
				9C2447741FA0F1800065E7F9 /* Info.plist */,
			);
			path = VideoRioPoker;
			sourceTree = "<group>";
		};
/* End PBXGroup section */

/* Begin PBXNativeTarget section */
		9C2447641FA0F1800065E7F9 /* VideoRioPoker */ = {
			isa = PBXNativeTarget;
			buildConfigurationList = 9C2447771FA0F1800065E7F9 /* Build configuration list for PBXNativeTarget "VideoRioPoker" */;
			buildPhases = (
				9C2447611FA0F1800065E7F9 /* Sources */,
				9C2447621FA0F1800065E7F9 /* Frameworks */,
				9C2447631FA0F1800065E7F9 /* Resources */,
			);
			buildRules = (
			);
			dependencies = (
			);
			name = VideoRioPoker;
			productName = VideoRioPoker;
			productReference = 9C2447651FA0F1800065E7F9 /* VideoRioPoker.app */;
			productType = "com.apple.product-type.application";
		};
/* End PBXNativeTarget section */

/* Begin PBXProject section */
		9C24475D1FA0F1800065E7F9 /* Project object */ = {
			isa = PBXProject;
			attributes = {
				LastSwiftUpdateCheck = 0900;
				LastUpgradeCheck = 0900;
				ORGANIZATIONNAME = "Alessandra Nishikawa";
				TargetAttributes = {
					9C2447641FA0F1800065E7F9 = {
						CreatedOnToolsVersion = 9.0.1;
						ProvisioningStyle = Automatic;
					};
				};
			};
			buildConfigurationList = 9C2447601FA0F1800065E7F9 /* Build configuration list for PBXProject "VideoRioPoker" */;
			compatibilityVersion = "Xcode 8.0";
			developmentRegion = en;
			hasScannedForEncodings = 0;
			knownRegions = (
				en,
				Base,
			);
			mainGroup = 9C24475C1FA0F1800065E7F9;
			productRefGroup = 9C2447661FA0F1800065E7F9 /* Products */;
			projectDirPath = "";
			projectRoot = "";
			targets = (
				9C2447641FA0F1800065E7F9 /* VideoRioPoker */,
			);
		};
/* End PBXProject section */

/* Begin PBXResourcesBuildPhase section */
		9C2447631FA0F1800065E7F9 /* Resources */ = {
			isa = PBXResourcesBuildPhase;
			buildActionMask = 2147483647;
			files = (
				9C0C3C2F1FA1029F00D359D9 /* 10h.png in Resources */,
				9C0C3C4C1FA102B600D359D9 /* blur_4.png in Resources */,
				9C0C3C4D1FA102B600D359D9 /* blur_1.png in Resources */,
				9C0C3C3C1FA1029F00D359D9 /* 8h.png in Resources */,
				9C0C3C421FA1029F00D359D9 /* 12s.png in Resources */,
				9C0C3C341FA1029F00D359D9 /* 4d.png in Resources */,
				9C0C3C491FA102B600D359D9 /* blur_3.png in Resources */,
				9C0C3C361FA1029F00D359D9 /* 11d.png in Resources */,
				9C0C3C3B1FA1029F00D359D9 /* 13d.png in Resources */,
				9C0C3C271FA1029F00D359D9 /* 9h.png in Resources */,
				9C0C3C231FA1029F00D359D9 /* 10s.png in Resources */,
				9C0C3C221FA1029F00D359D9 /* 6s.png in Resources */,
				9C0C3C1E1FA1029F00D359D9 /* 5d.png in Resources */,
				9C0C3C1A1FA1029F00D359D9 /* 1h.png in Resources */,
				9C0C3C261FA1029F00D359D9 /* 7h.png in Resources */,
				9C0C3C111FA1029F00D359D9 /* 2d.png in Resources */,
				9C0C3BCE1FA0FEF800D359D9 /* Manus_Smooth_TRIAL.ttf in Resources */,
				9C0C3C151FA1029F00D359D9 /* back.png in Resources */,
				9C0C3C311FA1029F00D359D9 /* 1s.png in Resources */,
				9C0C3C301FA1029F00D359D9 /* 10c.png in Resources */,
				9C0C3C1D1FA1029F00D359D9 /* 13c.png in Resources */,
				9C0C3C3A1FA1029F00D359D9 /* 4h.png in Resources */,
				9C0C3BCD1FA0FEF800D359D9 /* Enchanting Celebrations.ttf in Resources */,
				9C0C3C2A1FA1029F00D359D9 /* 6d.png in Resources */,
				9C0C3C201FA1029F00D359D9 /* 3c.png in Resources */,
				9C0C3C1F1FA1029F00D359D9 /* 1d.png in Resources */,
				9C0C3C431FA1029F00D359D9 /* 2s.png in Resources */,
				9C0C3C1B1FA1029F00D359D9 /* 7d.png in Resources */,
				9C0C3C2C1FA1029F00D359D9 /* 3s.png in Resources */,
				9C0C3C3D1FA1029F00D359D9 /* 9s.png in Resources */,
				9C0C3BD81FA1027400D359D9 /* bg.png in Resources */,
				9C0C3C391FA1029F00D359D9 /* 4c.png in Resources */,
				9C0C3C2E1FA1029F00D359D9 /* 6h.png in Resources */,
				9C0C3C371FA1029F00D359D9 /* 7c.png in Resources */,
				9C2447731FA0F1800065E7F9 /* LaunchScreen.storyboard in Resources */,
				9C0C3C141FA1029F00D359D9 /* 12h.png in Resources */,
				9C0C3C411FA1029F00D359D9 /* 3d.png in Resources */,
				9C0C3C2D1FA1029F00D359D9 /* 4s.png in Resources */,
				9C0C3C251FA1029F00D359D9 /* 9d.png in Resources */,
				9C0C3C131FA1029F00D359D9 /* 1c.png in Resources */,
				9C0C3C171FA1029F00D359D9 /* 5h.png in Resources */,
				9C0C3C191FA1029F00D359D9 /* 8c.png in Resources */,
				9C0C3C351FA1029F00D359D9 /* 9c.png in Resources */,
				9C0C3C121FA1029F00D359D9 /* 11s.png in Resources */,
				9C0C3C181FA1029F00D359D9 /* 2c.png in Resources */,
				9C0C3C291FA1029F00D359D9 /* 13s.png in Resources */,
				9C0C3C0F1FA1029F00D359D9 /* 12c.png in Resources */,
				9B0B29931FA23EE100559C23 /* logo.png in Resources */,
				9C0C3C2B1FA1029F00D359D9 /* 3h.png in Resources */,
				9C0C3C1C1FA1029F00D359D9 /* 10d.png in Resources */,
				9C0C3C3F1FA1029F00D359D9 /* 11h.png in Resources */,
				9C0C3C211FA1029F00D359D9 /* 7s.png in Resources */,
				9C0C3C3E1FA1029F00D359D9 /* 8s.png in Resources */,
				9C0C3C381FA1029F00D359D9 /* 2h.png in Resources */,
				9C0C3C101FA1029F00D359D9 /* 5s.png in Resources */,
				9C0C3C331FA1029F00D359D9 /* 5c.png in Resources */,
				9C0C3BD61FA1027400D359D9 /* launchScreen.png in Resources */,
				9C0C3C4B1FA102B600D359D9 /* blur_5.png in Resources */,
				9C2447701FA0F1800065E7F9 /* Assets.xcassets in Resources */,
				9C0C3BD71FA1027400D359D9 /* buttons.png in Resources */,
				9C0C3BCF1FA0FEF800D359D9 /* Roman SD.ttf in Resources */,
				9C0C3BD91FA1027400D359D9 /* delete.png in Resources */,
				9C0C3C401FA1029F00D359D9 /* 13h.png in Resources */,
				9C24476E1FA0F1800065E7F9 /* Main.storyboard in Resources */,
				9C0C3C321FA1029F00D359D9 /* 6c.png in Resources */,
				9C0C3C281FA1029F00D359D9 /* 12d.png in Resources */,
				9C0C3C161FA1029F00D359D9 /* 8d.png in Resources */,
				9C0C3C4A1FA102B600D359D9 /* blur_2.png in Resources */,
				9C0C3C241FA1029F00D359D9 /* 11c.png in Resources */,
			);
			runOnlyForDeploymentPostprocessing = 0;
		};
/* End PBXResourcesBuildPhase section */

/* Begin PBXSourcesBuildPhase section */
		9C2447611FA0F1800065E7F9 /* Sources */ = {
			isa = PBXSourcesBuildPhase;
			buildActionMask = 2147483647;
			files = (
				9C24476B1FA0F1800065E7F9 /* ViewController.swift in Sources */,
				9C0C3BD11FA1020300D359D9 /* PokerHands.swift in Sources */,
				9B0B29951FA277BB00559C23 /* UserDefaultsManager.swift in Sources */,
				9C2447691FA0F1800065E7F9 /* AppDelegate.swift in Sources */,
			);
			runOnlyForDeploymentPostprocessing = 0;
		};
/* End PBXSourcesBuildPhase section */

/* Begin PBXVariantGroup section */
		9C24476C1FA0F1800065E7F9 /* Main.storyboard */ = {
			isa = PBXVariantGroup;
			children = (
				9C24476D1FA0F1800065E7F9 /* Base */,
			);
			name = Main.storyboard;
			sourceTree = "<group>";
		};
		9C2447711FA0F1800065E7F9 /* LaunchScreen.storyboard */ = {
			isa = PBXVariantGroup;
			children = (
				9C2447721FA0F1800065E7F9 /* Base */,
			);
			name = LaunchScreen.storyboard;
			sourceTree = "<group>";
		};
/* End PBXVariantGroup section */

/* Begin XCBuildConfiguration section */
		9C2447751FA0F1800065E7F9 /* Debug */ = {
			isa = XCBuildConfiguration;
			buildSettings = {
				ALWAYS_SEARCH_USER_PATHS = NO;
				CLANG_ANALYZER_NONNULL = YES;
				CLANG_ANALYZER_NUMBER_OBJECT_CONVERSION = YES_AGGRESSIVE;
				CLANG_CXX_LANGUAGE_STANDARD = "gnu++14";
				CLANG_CXX_LIBRARY = "libc++";
				CLANG_ENABLE_MODULES = YES;
				CLANG_ENABLE_OBJC_ARC = YES;
				CLANG_WARN_BLOCK_CAPTURE_AUTORELEASING = YES;
				CLANG_WARN_BOOL_CONVERSION = YES;
				CLANG_WARN_COMMA = YES;
				CLANG_WARN_CONSTANT_CONVERSION = YES;
				CLANG_WARN_DIRECT_OBJC_ISA_USAGE = YES_ERROR;
				CLANG_WARN_DOCUMENTATION_COMMENTS = YES;
				CLANG_WARN_EMPTY_BODY = YES;
				CLANG_WARN_ENUM_CONVERSION = YES;
				CLANG_WARN_INFINITE_RECURSION = YES;
				CLANG_WARN_INT_CONVERSION = YES;
				CLANG_WARN_NON_LITERAL_NULL_CONVERSION = YES;
				CLANG_WARN_OBJC_LITERAL_CONVERSION = YES;
				CLANG_WARN_OBJC_ROOT_CLASS = YES_ERROR;
				CLANG_WARN_RANGE_LOOP_ANALYSIS = YES;
				CLANG_WARN_STRICT_PROTOTYPES = YES;
				CLANG_WARN_SUSPICIOUS_MOVE = YES;
				CLANG_WARN_UNGUARDED_AVAILABILITY = YES_AGGRESSIVE;
				CLANG_WARN_UNREACHABLE_CODE = YES;
				CLANG_WARN__DUPLICATE_METHOD_MATCH = YES;
				CODE_SIGN_IDENTITY = "iPhone Developer";
				COPY_PHASE_STRIP = NO;
				DEBUG_INFORMATION_FORMAT = dwarf;
				ENABLE_STRICT_OBJC_MSGSEND = YES;
				ENABLE_TESTABILITY = YES;
				GCC_C_LANGUAGE_STANDARD = gnu11;
				GCC_DYNAMIC_NO_PIC = NO;
				GCC_NO_COMMON_BLOCKS = YES;
				GCC_OPTIMIZATION_LEVEL = 0;
				GCC_PREPROCESSOR_DEFINITIONS = (
					"DEBUG=1",
					"$(inherited)",
				);
				GCC_WARN_64_TO_32_BIT_CONVERSION = YES;
				GCC_WARN_ABOUT_RETURN_TYPE = YES_ERROR;
				GCC_WARN_UNDECLARED_SELECTOR = YES;
				GCC_WARN_UNINITIALIZED_AUTOS = YES_AGGRESSIVE;
				GCC_WARN_UNUSED_FUNCTION = YES;
				GCC_WARN_UNUSED_VARIABLE = YES;
				IPHONEOS_DEPLOYMENT_TARGET = 11.0;
				MTL_ENABLE_DEBUG_INFO = YES;
				ONLY_ACTIVE_ARCH = YES;
				SDKROOT = iphoneos;
				SWIFT_ACTIVE_COMPILATION_CONDITIONS = DEBUG;
				SWIFT_OPTIMIZATION_LEVEL = "-Onone";
			};
			name = Debug;
		};
		9C2447761FA0F1800065E7F9 /* Release */ = {
			isa = XCBuildConfiguration;
			buildSettings = {
				ALWAYS_SEARCH_USER_PATHS = NO;
				CLANG_ANALYZER_NONNULL = YES;
				CLANG_ANALYZER_NUMBER_OBJECT_CONVERSION = YES_AGGRESSIVE;
				CLANG_CXX_LANGUAGE_STANDARD = "gnu++14";
				CLANG_CXX_LIBRARY = "libc++";
				CLANG_ENABLE_MODULES = YES;
				CLANG_ENABLE_OBJC_ARC = YES;
				CLANG_WARN_BLOCK_CAPTURE_AUTORELEASING = YES;
				CLANG_WARN_BOOL_CONVERSION = YES;
				CLANG_WARN_COMMA = YES;
				CLANG_WARN_CONSTANT_CONVERSION = YES;
				CLANG_WARN_DIRECT_OBJC_ISA_USAGE = YES_ERROR;
				CLANG_WARN_DOCUMENTATION_COMMENTS = YES;
				CLANG_WARN_EMPTY_BODY = YES;
				CLANG_WARN_ENUM_CONVERSION = YES;
				CLANG_WARN_INFINITE_RECURSION = YES;
				CLANG_WARN_INT_CONVERSION = YES;
				CLANG_WARN_NON_LITERAL_NULL_CONVERSION = YES;
				CLANG_WARN_OBJC_LITERAL_CONVERSION = YES;
				CLANG_WARN_OBJC_ROOT_CLASS = YES_ERROR;
				CLANG_WARN_RANGE_LOOP_ANALYSIS = YES;
				CLANG_WARN_STRICT_PROTOTYPES = YES;
				CLANG_WARN_SUSPICIOUS_MOVE = YES;
				CLANG_WARN_UNGUARDED_AVAILABILITY = YES_AGGRESSIVE;
				CLANG_WARN_UNREACHABLE_CODE = YES;
				CLANG_WARN__DUPLICATE_METHOD_MATCH = YES;
				CODE_SIGN_IDENTITY = "iPhone Developer";
				COPY_PHASE_STRIP = NO;
				DEBUG_INFORMATION_FORMAT = "dwarf-with-dsym";
				ENABLE_NS_ASSERTIONS = NO;
				ENABLE_STRICT_OBJC_MSGSEND = YES;
				GCC_C_LANGUAGE_STANDARD = gnu11;
				GCC_NO_COMMON_BLOCKS = YES;
				GCC_WARN_64_TO_32_BIT_CONVERSION = YES;
				GCC_WARN_ABOUT_RETURN_TYPE = YES_ERROR;
				GCC_WARN_UNDECLARED_SELECTOR = YES;
				GCC_WARN_UNINITIALIZED_AUTOS = YES_AGGRESSIVE;
				GCC_WARN_UNUSED_FUNCTION = YES;
				GCC_WARN_UNUSED_VARIABLE = YES;
				IPHONEOS_DEPLOYMENT_TARGET = 11.0;
				MTL_ENABLE_DEBUG_INFO = NO;
				SDKROOT = iphoneos;
				SWIFT_OPTIMIZATION_LEVEL = "-Owholemodule";
				VALIDATE_PRODUCT = YES;
			};
			name = Release;
		};
		9C2447781FA0F1800065E7F9 /* Debug */ = {
			isa = XCBuildConfiguration;
			buildSettings = {
				ASSETCATALOG_COMPILER_APPICON_NAME = AppIcon;
				"CODE_SIGN_IDENTITY[sdk=iphoneos*]" = "iPhone Developer";
				CODE_SIGN_STYLE = Automatic;
				DEVELOPMENT_TEAM = "";
				INFOPLIST_FILE = VideoRioPoker/Info.plist;
				LD_RUNPATH_SEARCH_PATHS = "$(inherited) @executable_path/Frameworks";
				PRODUCT_BUNDLE_IDENTIFIER = com.2AONPMP.VideoRioPoker;
				PRODUCT_NAME = "$(TARGET_NAME)";
				PROVISIONING_PROFILE_SPECIFIER = "";
				SWIFT_VERSION = 4.0;
				TARGETED_DEVICE_FAMILY = "1,2";
			};
			name = Debug;
		};
		9C2447791FA0F1800065E7F9 /* Release */ = {
			isa = XCBuildConfiguration;
			buildSettings = {
				ASSETCATALOG_COMPILER_APPICON_NAME = AppIcon;
				"CODE_SIGN_IDENTITY[sdk=iphoneos*]" = "iPhone Developer";
				CODE_SIGN_STYLE = Automatic;
				DEVELOPMENT_TEAM = "";
				INFOPLIST_FILE = VideoRioPoker/Info.plist;
				LD_RUNPATH_SEARCH_PATHS = "$(inherited) @executable_path/Frameworks";
				PRODUCT_BUNDLE_IDENTIFIER = com.2AONPMP.VideoRioPoker;
				PRODUCT_NAME = "$(TARGET_NAME)";
				PROVISIONING_PROFILE_SPECIFIER = "";
				SWIFT_VERSION = 4.0;
				TARGETED_DEVICE_FAMILY = "1,2";
			};
			name = Release;
		};
/* End XCBuildConfiguration section */

/* Begin XCConfigurationList section */
		9C2447601FA0F1800065E7F9 /* Build configuration list for PBXProject "VideoRioPoker" */ = {
			isa = XCConfigurationList;
			buildConfigurations = (
				9C2447751FA0F1800065E7F9 /* Debug */,
				9C2447761FA0F1800065E7F9 /* Release */,
			);
			defaultConfigurationIsVisible = 0;
			defaultConfigurationName = Release;
		};
		9C2447771FA0F1800065E7F9 /* Build configuration list for PBXNativeTarget "VideoRioPoker" */ = {
			isa = XCConfigurationList;
			buildConfigurations = (
				9C2447781FA0F1800065E7F9 /* Debug */,
				9C2447791FA0F1800065E7F9 /* Release */,
			);
			defaultConfigurationIsVisible = 0;
			defaultConfigurationName = Release;
		};
/* End XCConfigurationList section */
	};
	rootObject = 9C24475D1FA0F1800065E7F9 /* Project object */;
}
